github.com/distribution/reference v0.5.1-0.20230902121555-8507c7fcf0da h1:JKp7+KlBEF2yOYlRDrBg9oKmWSbt99pqEm9pioDi2nc=
github.com/distribution/reference v0.5.1-0.20230902121555-8507c7fcf0da/go.mod h1:BbU0aIcezP1/5jX/8MP0YiH4SdvB5Y4f/wlDRiLyi3E=
github.com/opencontainers/go-digest v1.0.0 h1:apOUWs51W5PlhuyGyz9FCeeBIOUDA/6nW8Oi/yOhh5U=
github.com/opencontainers/go-digest v1.0.0/go.mod h1:0JzlMkj0TRzQZfJkVvzbP0HBR3IKzErnv2BNG4W4MAM=
